# This file is @generated by PDM.
# It is not intended for manual editing.

[metadata]
groups = ["default"]
strategy = ["inherit_metadata"]
lock_version = "4.5.0"
content_hash = "sha256:689c73b25466bb6220c169f9041d171644c684fb4f8e88d070cd40062b6db48d"

[[metadata.targets]]
requires_python = ">=3.10"
